// !$*UTF8*$!
{
	archiveVersion = 1;
	classes = {
	};
	objectVersion = 46;
	objects = {

/* Begin PBXBuildFile section */
		29B9FE1F1A1FFAEF000E635F /* AppDelegate.swift in Sources */ = {isa = PBXBuildFile; fileRef = 29B9FE1E1A1FFAEF000E635F /* AppDelegate.swift */; };
		29B9FE241A1FFAEF000E635F /* Main.storyboard in Resources */ = {isa = PBXBuildFile; fileRef = 29B9FE221A1FFAEF000E635F /* Main.storyboard */; };
		29B9FE261A1FFAEF000E635F /* Images.xcassets in Resources */ = {isa = PBXBuildFile; fileRef = 29B9FE251A1FFAEF000E635F /* Images.xcassets */; };
		29B9FE291A1FFAEF000E635F /* LaunchScreen.xib in Resources */ = {isa = PBXBuildFile; fileRef = 29B9FE271A1FFAEF000E635F /* LaunchScreen.xib */; };
		29B9FE351A1FFAEF000E635F /* TableVCTestTests.swift in Sources */ = {isa = PBXBuildFile; fileRef = 29B9FE341A1FFAEF000E635F /* TableVCTestTests.swift */; };
		29B9FE3F1A2001CE000E635F /* mainTVC.swift in Sources */ = {isa = PBXBuildFile; fileRef = 29B9FE3E1A2001CE000E635F /* mainTVC.swift */; };
/* End PBXBuildFile section */

/* Begin PBXContainerItemProxy section */
		29B9FE2F1A1FFAEF000E635F /* PBXContainerItemProxy */ = {
			isa = PBXContainerItemProxy;
			containerPortal = 29B9FE111A1FFAEF000E635F /* Project object */;
			proxyType = 1;
			remoteGlobalIDString = 29B9FE181A1FFAEF000E635F;
			remoteInfo = TableVCTest;
		};
/* End PBXContainerItemProxy section */

/* Begin PBXFileReference section */
		29B9FE191A1FFAEF000E635F /* TableVCTest.app */ = {isa = PBXFileReference; explicitFileType = wrapper.application; includeInIndex = 0; path = TableVCTest.app; sourceTree = BUILT_PRODUCTS_DIR; };
		29B9FE1D1A1FFAEF000E635F /* Info.plist */ = {isa = PBXFileReference; lastKnownFileType = text.plist.xml; path = Info.plist; sourceTree = "<group>"; };
		29B9FE1E1A1FFAEF000E635F /* AppDelegate.swift */ = {isa = PBXFileReference; lastKnownFileType = sourcecode.swift; path = AppDelegate.swift; sourceTree = "<group>"; };
		29B9FE231A1FFAEF000E635F /* Base */ = {isa = PBXFileReference; lastKnownFileType = file.storyboard; name = Base; path = Base.lproj/Main.storyboard; sourceTree = "<group>"; };
		29B9FE251A1FFAEF000E635F /* Images.xcassets */ = {isa = PBXFileReference; lastKnownFileType = folder.assetcatalog; path = Images.xcassets; sourceTree = "<group>"; };
		29B9FE281A1FFAEF000E635F /* Base */ = {isa = PBXFileReference; lastKnownFileType = file.xib; name = Base; path = Base.lproj/LaunchScreen.xib; sourceTree = "<group>"; };
		29B9FE2E1A1FFAEF000E635F /* TableVCTestTests.xctest */ = {isa = PBXFileReference; explicitFileType = wrapper.cfbundle; includeInIndex = 0; path = TableVCTestTests.xctest; sourceTree = BUILT_PRODUCTS_DIR; };
		29B9FE331A1FFAEF000E635F /* Info.plist */ = {isa = PBXFileReference; lastKnownFileType = text.plist.xml; path = Info.plist; sourceTree = "<group>"; };
		29B9FE341A1FFAEF000E635F /* TableVCTestTests.swift */ = {isa = PBXFileReference; lastKnownFileType = sourcecode.swift; path = TableVCTestTests.swift; sourceTree = "<group>"; };
		29B9FE3E1A2001CE000E635F /* mainTVC.swift */ = {isa = PBXFileReference; fileEncoding = 4; lastKnownFileType = sourcecode.swift; path = mainTVC.swift; sourceTree = "<group>"; };
/* End PBXFileReference section */

/* Begin PBXFrameworksBuildPhase section */
		29B9FE161A1FFAEF000E635F /* Frameworks */ = {
			isa = PBXFrameworksBuildPhase;
			buildActionMask = 2147483647;
			files = (
			);
			runOnlyForDeploymentPostprocessing = 0;
		};
		29B9FE2B1A1FFAEF000E635F /* Frameworks */ = {
			isa = PBXFrameworksBuildPhase;
			buildActionMask = 2147483647;
			files = (
			);
			runOnlyForDeploymentPostprocessing = 0;
		};
/* End PBXFrameworksBuildPhase section */

/* Begin PBXGroup section */
		29B9FE101A1FFAEF000E635F = {
			isa = PBXGroup;
			children = (
				29B9FE1B1A1FFAEF000E635F /* TableVCTest */,
				29B9FE311A1FFAEF000E635F /* TableVCTestTests */,
				29B9FE1A1A1FFAEF000E635F /* Products */,
			);
			sourceTree = "<group>";
		};
		29B9FE1A1A1FFAEF000E635F /* Products */ = {
			isa = PBXGroup;
			children = (
				29B9FE191A1FFAEF000E635F /* TableVCTest.app */,
				29B9FE2E1A1FFAEF000E635F /* TableVCTestTests.xctest */,
			);
			name = Products;
			sourceTree = "<group>";
		};
		29B9FE1B1A1FFAEF000E635F /* TableVCTest */ = {
			isa = PBXGroup;
			children = (
				29B9FE1E1A1FFAEF000E635F /* AppDelegate.swift */,
				29B9FE221A1FFAEF000E635F /* Main.storyboard */,
				29B9FE251A1FFAEF000E635F /* Images.xcassets */,
				29B9FE271A1FFAEF000E635F /* LaunchScreen.xib */,
				29B9FE1C1A1FFAEF000E635F /* Supporting Files */,
				29B9FE3E1A2001CE000E635F /* mainTVC.swift */,
			);
			path = TableVCTest;
			sourceTree = "<group>";
		};
		29B9FE1C1A1FFAEF000E635F /* Supporting Files */ = {
			isa = PBXGroup;
			children = (
				29B9FE1D1A1FFAEF000E635F /* Info.plist */,
			);
			name = "Supporting Files";
			sourceTree = "<group>";
		};
		29B9FE311A1FFAEF000E635F /* TableVCTestTests */ = {
			isa = PBXGroup;
			children = (
				29B9FE341A1FFAEF000E635F /* TableVCTestTests.swift */,
				29B9FE321A1FFAEF000E635F /* Supporting Files */,
			);
			path = TableVCTestTests;
			sourceTree = "<group>";
		};
		29B9FE321A1FFAEF000E635F /* Supporting Files */ = {
			isa = PBXGroup;
			children = (
				29B9FE331A1FFAEF000E635F /* Info.plist */,
			);
			name = "Supporting Files";
			sourceTree = "<group>";
		};
/* End PBXGroup section */

/* Begin PBXNativeTarget section */
		29B9FE181A1FFAEF000E635F /* TableVCTest */ = {
			isa = PBXNativeTarget;
			buildConfigurationList = 29B9FE381A1FFAEF000E635F /* Build configuration list for PBXNativeTarget "TableVCTest" */;
			buildPhases = (
				29B9FE151A1FFAEF000E635F /* Sources */,
				29B9FE161A1FFAEF000E635F /* Frameworks */,
				29B9FE171A1FFAEF000E635F /* Resources */,
			);
			buildRules = (
			);
			dependencies = (
			);
			name = TableVCTest;
			productName = TableVCTest;
			productReference = 29B9FE191A1FFAEF000E635F /* TableVCTest.app */;
			productType = "com.apple.product-type.application";
		};
		29B9FE2D1A1FFAEF000E635F /* TableVCTestTests */ = {
			isa = PBXNativeTarget;
			buildConfigurationList = 29B9FE3B1A1FFAEF000E635F /* Build configuration list for PBXNativeTarget "TableVCTestTests" */;
			buildPhases = (
				29B9FE2A1A1FFAEF000E635F /* Sources */,
				29B9FE2B1A1FFAEF000E635F /* Frameworks */,
				29B9FE2C1A1FFAEF000E635F /* Resources */,
			);
			buildRules = (
			);
			dependencies = (
				29B9FE301A1FFAEF000E635F /* PBXTargetDependency */,
			);
			name = TableVCTestTests;
			productName = TableVCTestTests;
			productReference = 29B9FE2E1A1FFAEF000E635F /* TableVCTestTests.xctest */;
			productType = "com.apple.product-type.bundle.unit-test";
		};
/* End PBXNativeTarget section */

/* Begin PBXProject section */
		29B9FE111A1FFAEF000E635F /* Project object */ = {
			isa = PBXProject;
			attributes = {
				LastUpgradeCheck = 0610;
				ORGANIZATIONNAME = Gil;
				TargetAttributes = {
					29B9FE181A1FFAEF000E635F = {
						CreatedOnToolsVersion = 6.1;
					};
					29B9FE2D1A1FFAEF000E635F = {
						CreatedOnToolsVersion = 6.1;
						TestTargetID = 29B9FE181A1FFAEF000E635F;
					};
				};
			};
			buildConfigurationList = 29B9FE141A1FFAEF000E635F /* Build configuration list for PBXProject "TableVCTest" */;
			compatibilityVersion = "Xcode 3.2";
			developmentRegion = English;
			hasScannedForEncodings = 0;
			knownRegions = (
				en,
				Base,
			);
			mainGroup = 29B9FE101A1FFAEF000E635F;
			productRefGroup = 29B9FE1A1A1FFAEF000E635F /* Products */;
			projectDirPath = "";
			projectRoot = "";
			targets = (
				29B9FE181A1FFAEF000E635F /* TableVCTest */,
				29B9FE2D1A1FFAEF000E635F /* TableVCTestTests */,
			);
		};
/* End PBXProject section */

/* Begin PBXResourcesBuildPhase section */
		29B9FE171A1FFAEF000E635F /* Resources */ = {
			isa = PBXResourcesBuildPhase;
			buildActionMask = 2147483647;
			files = (
				29B9FE241A1FFAEF000E635F /* Main.storyboard in Resources */,
				29B9FE291A1FFAEF000E635F /* LaunchScreen.xib in Resources */,
				29B9FE261A1FFAEF000E635F /* Images.xcassets in Resources */,
			);
			runOnlyForDeploymentPostprocessing = 0;
		};
		29B9FE2C1A1FFAEF000E635F /* Resources */ = {
			isa = PBXResourcesBuildPhase;
			buildActionMask = 2147483647;
			files = (
			);
			runOnlyForDeploymentPostprocessing = 0;
		};
/* End PBXResourcesBuildPhase section */

/* Begin PBXSourcesBuildPhase section */
		29B9FE151A1FFAEF000E635F /* Sources */ = {
			isa = PBXSourcesBuildPhase;
			buildActionMask = 2147483647;
			files = (
				29B9FE3F1A2001CE000E635F /* mainTVC.swift in Sources */,
				29B9FE1F1A1FFAEF000E635F /* AppDelegate.swift in Sources */,
			);
			runOnlyForDeploymentPostprocessing = 0;
		};
		29B9FE2A1A1FFAEF000E635F /* Sources */ = {
			isa = PBXSourcesBuildPhase;
			buildActionMask = 2147483647;
			files = (
				29B9FE351A1FFAEF000E635F /* TableVCTestTests.swift in Sources */,
			);
			runOnlyForDeploymentPostprocessing = 0;
		};
/* End PBXSourcesBuildPhase section */

/* Begin PBXTargetDependency section */
		29B9FE301A1FFAEF000E635F /* PBXTargetDependency */ = {
			isa = PBXTargetDependency;
			target = 29B9FE181A1FFAEF000E635F /* TableVCTest */;
			targetProxy = 29B9FE2F1A1FFAEF000E635F /* PBXContainerItemProxy */;
		};
/* End PBXTargetDependency section */

/* Begin PBXVariantGroup section */
		29B9FE221A1FFAEF000E635F /* Main.storyboard */ = {
			isa = PBXVariantGroup;
			children = (
				29B9FE231A1FFAEF000E635F /* Base */,
			);
			name = Main.storyboard;
			sourceTree = "<group>";
		};
		29B9FE271A1FFAEF000E635F /* LaunchScreen.xib */ = {
			isa = PBXVariantGroup;
			children = (
				29B9FE281A1FFAEF000E635F /* Base */,
			);
			name = LaunchScreen.xib;
			sourceTree = "<group>";
		};
/* End PBXVariantGroup section */

/* Begin XCBuildConfiguration section */
		29B9FE361A1FFAEF000E635F /* Debug */ = {
			isa = XCBuildConfiguration;
			buildSettings = {
				ALWAYS_SEARCH_USER_PATHS = NO;
				CLANG_CXX_LANGUAGE_STANDARD = "gnu++0x";
				CLANG_CXX_LIBRARY = "libc++";
				CLANG_ENABLE_MODULES = YES;
				CLANG_ENABLE_OBJC_ARC = YES;
				CLANG_WARN_BOOL_CONVERSION = YES;
				CLANG_WARN_CONSTANT_CONVERSION = YES;
				CLANG_WARN_DIRECT_OBJC_ISA_USAGE = YES_ERROR;
				CLANG_WARN_EMPTY_BODY = YES;
				CLANG_WARN_ENUM_CONVERSION = YES;
				CLANG_WARN_INT_CONVERSION = YES;
				CLANG_WARN_OBJC_ROOT_CLASS = YES_ERROR;
				CLANG_WARN_UNREACHABLE_CODE = YES;
				CLANG_WARN__DUPLICATE_METHOD_MATCH = YES;
				"CODE_SIGN_IDENTITY[sdk=iphoneos*]" = "iPhone Developer";
				COPY_PHASE_STRIP = NO;
				ENABLE_STRICT_OBJC_MSGSEND = YES;
				GCC_C_LANGUAGE_STANDARD = gnu99;
				GCC_DYNAMIC_NO_PIC = NO;
				GCC_OPTIMIZATION_LEVEL = 0;
				GCC_PREPROCESSOR_DEFINITIONS = (
					"DEBUG=1",
					"$(inherited)",
				);
				GCC_SYMBOLS_PRIVATE_EXTERN = NO;
				GCC_WARN_64_TO_32_BIT_CONVERSION = YES;
				GCC_WARN_ABOUT_RETURN_TYPE = YES_ERROR;
				GCC_WARN_UNDECLARED_SELECTOR = YES;
				GCC_WARN_UNINITIALIZED_AUTOS = YES_AGGRESSIVE;
				GCC_WARN_UNUSED_FUNCTION = YES;
				GCC_WARN_UNUSED_VARIABLE = YES;
				IPHONEOS_DEPLOYMENT_TARGET = 8.1;
				MTL_ENABLE_DEBUG_INFO = YES;
				ONLY_ACTIVE_ARCH = YES;
				SDKROOT = iphoneos;
				SWIFT_OPTIMIZATION_LEVEL = "-Onone";
			};
			name = Debug;
		};
		29B9FE371A1FFAEF000E635F /* Release */ = {
			isa = XCBuildConfiguration;
			buildSettings = {
				ALWAYS_SEARCH_USER_PATHS = NO;
				CLANG_CXX_LANGUAGE_STANDARD = "gnu++0x";
				CLANG_CXX_LIBRARY = "libc++";
				CLANG_ENABLE_MODULES = YES;
				CLANG_ENABLE_OBJC_ARC = YES;
				CLANG_WARN_BOOL_CONVERSION = YES;
				CLANG_WARN_CONSTANT_CONVERSION = YES;
				CLANG_WARN_DIRECT_OBJC_ISA_USAGE = YES_ERROR;
				CLANG_WARN_EMPTY_BODY = YES;
				CLANG_WARN_ENUM_CONVERSION = YES;
				CLANG_WARN_INT_CONVERSION = YES;
				CLANG_WARN_OBJC_ROOT_CLASS = YES_ERROR;
				CLANG_WARN_UNREACHABLE_CODE = YES;
				CLANG_WARN__DUPLICATE_METHOD_MATCH = YES;
				"CODE_SIGN_IDENTITY[sdk=iphoneos*]" = "iPhone Developer";
				COPY_PHASE_STRIP = YES;
				ENABLE_NS_ASSERTIONS = NO;
				ENABLE_STRICT_OBJC_MSGSEND = YES;
				GCC_C_LANGUAGE_STANDARD = gnu99;
				GCC_WARN_64_TO_32_BIT_CONVERSION = YES;
				GCC_WARN_ABOUT_RETURN_TYPE = YES_ERROR;
				GCC_WARN_UNDECLARED_SELECTOR = YES;
				GCC_WARN_UNINITIALIZED_AUTOS = YES_AGGRESSIVE;
				GCC_WARN_UNUSED_FUNCTION = YES;
				GCC_WARN_UNUSED_VARIABLE = YES;
				IPHONEOS_DEPLOYMENT_TARGET = 8.1;
				MTL_ENABLE_DEBUG_INFO = NO;
				SDKROOT = iphoneos;
				VALIDATE_PRODUCT = YES;
			};
			name = Release;
		};
		29B9FE391A1FFAEF000E635F /* Debug */ = {
			isa = XCBuildConfiguration;
			buildSettings = {
				ASSETCATALOG_COMPILER_APPICON_NAME = AppIcon;
				INFOPLIST_FILE = TableVCTest/Info.plist;
				IPHONEOS_DEPLOYMENT_TARGET = 7.0;
				LD_RUNPATH_SEARCH_PATHS = "$(inherited) @executable_path/Frameworks";
				PRODUCT_NAME = "$(TARGET_NAME)";
			};
			name = Debug;
		};
		29B9FE3A1A1FFAEF000E635F /* Release */ = {
			isa = XCBuildConfiguration;
			buildSettings = {
				ASSETCATALOG_COMPILER_APPICON_NAME = AppIcon;
				INFOPLIST_FILE = TableVCTest/Info.plist;
				IPHONEOS_DEPLOYMENT_TARGET = 7.0;
				LD_RUNPATH_SEARCH_PATHS = "$(inherited) @executable_path/Frameworks";
				PRODUCT_NAME = "$(TARGET_NAME)";
			};
			name = Release;
		};
		29B9FE3C1A1FFAEF000E635F /* Debug */ = {
			isa = XCBuildConfiguration;
			buildSettings = {
				BUNDLE_LOADER = "$(TEST_HOST)";
				FRAMEWORK_SEARCH_PATHS = (
					"$(SDKROOT)/Developer/Library/Frameworks",
					"$(inherited)",
				);
				GCC_PREPROCESSOR_DEFINITIONS = (
					"DEBUG=1",
					"$(inherited)",
				);
				INFOPLIST_FILE = TableVCTestTests/Info.plist;
				LD_RUNPATH_SEARCH_PATHS = "$(inherited) @executable_path/Frameworks @loader_path/Frameworks";
				PRODUCT_NAME = "$(TARGET_NAME)";
				TEST_HOST = "$(BUILT_PRODUCTS_DIR)/TableVCTest.app/TableVCTest";
			};
			name = Debug;
		};
		29B9FE3D1A1FFAEF000E635F /* Release */ = {
			isa = XCBuildConfiguration;
			buildSettings = {
				BUNDLE_LOADER = "$(TEST_HOST)";
				FRAMEWORK_SEARCH_PATHS = (
					"$(SDKROOT)/Developer/Library/Frameworks",
					"$(inherited)",
				);
				INFOPLIST_FILE = TableVCTestTests/Info.plist;
				LD_RUNPATH_SEARCH_PATHS = "$(inherited) @executable_path/Frameworks @loader_path/Frameworks";
				PRODUCT_NAME = "$(TARGET_NAME)";
				TEST_HOST = "$(BUILT_PRODUCTS_DIR)/TableVCTest.app/TableVCTest";
			};
			name = Release;
		};
/* End XCBuildConfiguration section */

/* Begin XCConfigurationList section */
		29B9FE141A1FFAEF000E635F /* Build configuration list for PBXProject "TableVCTest" */ = {
			isa = XCConfigurationList;
			buildConfigurations = (
				29B9FE361A1FFAEF000E635F /* Debug */,
				29B9FE371A1FFAEF000E635F /* Release */,
			);
			defaultConfigurationIsVisible = 0;
			defaultConfigurationName = Release;
		};
		29B9FE381A1FFAEF000E635F /* Build configuration list for PBXNativeTarget "TableVCTest" */ = {
			isa = XCConfigurationList;
			buildConfigurations = (
				29B9FE391A1FFAEF000E635F /* Debug */,
				29B9FE3A1A1FFAEF000E635F /* Release */,
			);
			defaultConfigurationIsVisible = 0;
		};
		29B9FE3B1A1FFAEF000E635F /* Build configuration list for PBXNativeTarget "TableVCTestTests" */ = {
			isa = XCConfigurationList;
			buildConfigurations = (
				29B9FE3C1A1FFAEF000E635F /* Debug */,
				29B9FE3D1A1FFAEF000E635F /* Release */,
			);
			defaultConfigurationIsVisible = 0;
		};
/* End XCConfigurationList section */
	};
	rootObject = 29B9FE111A1FFAEF000E635F /* Project object */;
}
